// !$*UTF8*$!
{
	archiveVersion = 1;
	classes = {
	};
	objectVersion = 46;
	objects = {

/* Begin PBXBuildFile section */
		8471214E1EC56E44003A2C9E /* CoreShop+Utils.swift in Sources */ = {isa = PBXBuildFile; fileRef = 8471214D1EC56E44003A2C9E /* CoreShop+Utils.swift */; };
		847121521EC57817003A2C9E /* CoreData.framework in Frameworks */ = {isa = PBXBuildFile; fileRef = 847121511EC57817003A2C9E /* CoreData.framework */; };
		847FAEC11EECF994009047FA /* DetailShopViewController.swift in Sources */ = {isa = PBXBuildFile; fileRef = 847FAEC01EECF994009047FA /* DetailShopViewController.swift */; };
		84A848A51EEEFC6400E0D4D6 /* madrid_shops.png in Resources */ = {isa = PBXBuildFile; fileRef = 84A848A41EEEFC6400E0D4D6 /* madrid_shops.png */; };
		84B5EE6E1EE73F84004BDFB1 /* ShopListViewController.swift in Sources */ = {isa = PBXBuildFile; fileRef = 84B5EE6D1EE73F84004BDFB1 /* ShopListViewController.swift */; };
		84B5EE721EE749C6004BDFB1 /* ShopListView+NSFetchedResultsController.swift in Sources */ = {isa = PBXBuildFile; fileRef = 84B5EE711EE749C6004BDFB1 /* ShopListView+NSFetchedResultsController.swift */; };
		84B5EE741EE74D87004BDFB1 /* ShopListCell.swift in Sources */ = {isa = PBXBuildFile; fileRef = 84B5EE731EE74D87004BDFB1 /* ShopListCell.swift */; };
		84B5EE781EE756DC004BDFB1 /* ShopListView+UIViewController.swift in Sources */ = {isa = PBXBuildFile; fileRef = 84B5EE771EE756DC004BDFB1 /* ShopListView+UIViewController.swift */; };
		84DD07FF1EDF4DE0001A5E88 /* emptyBookCover.png in Resources */ = {isa = PBXBuildFile; fileRef = 84DD07FE1EDF4DE0001A5E88 /* emptyBookCover.png */; };
		84F684441EC4F64E00F2B0D3 /* AppDelegate.swift in Sources */ = {isa = PBXBuildFile; fileRef = 84F684431EC4F64E00F2B0D3 /* AppDelegate.swift */; };
		84F684461EC4F64E00F2B0D3 /* ViewController.swift in Sources */ = {isa = PBXBuildFile; fileRef = 84F684451EC4F64E00F2B0D3 /* ViewController.swift */; };
		84F684491EC4F64E00F2B0D3 /* Main.storyboard in Resources */ = {isa = PBXBuildFile; fileRef = 84F684471EC4F64E00F2B0D3 /* Main.storyboard */; };
		84F6844C1EC4F64F00F2B0D3 /* ShopsOnlinePractica.xcdatamodeld in Sources */ = {isa = PBXBuildFile; fileRef = 84F6844A1EC4F64F00F2B0D3 /* ShopsOnlinePractica.xcdatamodeld */; };
		84F6844E1EC4F64F00F2B0D3 /* Assets.xcassets in Resources */ = {isa = PBXBuildFile; fileRef = 84F6844D1EC4F64F00F2B0D3 /* Assets.xcassets */; };
		84F684511EC4F64F00F2B0D3 /* LaunchScreen.storyboard in Resources */ = {isa = PBXBuildFile; fileRef = 84F6844F1EC4F64F00F2B0D3 /* LaunchScreen.storyboard */; };
		84F684591EC5015000F2B0D3 /* CoreDataManager.swift in Sources */ = {isa = PBXBuildFile; fileRef = 84F684581EC5015000F2B0D3 /* CoreDataManager.swift */; };
		84F684601EC503EA00F2B0D3 /* AsyncData.swift in Sources */ = {isa = PBXBuildFile; fileRef = 84F6845F1EC503EA00F2B0D3 /* AsyncData.swift */; };
		84F684621EC5077F00F2B0D3 /* JSONProcessing.swift in Sources */ = {isa = PBXBuildFile; fileRef = 84F684611EC5077F00F2B0D3 /* JSONProcessing.swift */; };
		84F684641EC5099400F2B0D3 /* Shop.swift in Sources */ = {isa = PBXBuildFile; fileRef = 84F684631EC5099400F2B0D3 /* Shop.swift */; };
/* End PBXBuildFile section */

/* Begin PBXFileReference section */
		8471214D1EC56E44003A2C9E /* CoreShop+Utils.swift */ = {isa = PBXFileReference; fileEncoding = 4; lastKnownFileType = sourcecode.swift; path = "CoreShop+Utils.swift"; sourceTree = "<group>"; };
		847121511EC57817003A2C9E /* CoreData.framework */ = {isa = PBXFileReference; lastKnownFileType = wrapper.framework; name = CoreData.framework; path = System/Library/Frameworks/CoreData.framework; sourceTree = SDKROOT; };
		847FAEC01EECF994009047FA /* DetailShopViewController.swift */ = {isa = PBXFileReference; fileEncoding = 4; lastKnownFileType = sourcecode.swift; path = DetailShopViewController.swift; sourceTree = "<group>"; };
		84A848A41EEEFC6400E0D4D6 /* madrid_shops.png */ = {isa = PBXFileReference; lastKnownFileType = image.png; path = madrid_shops.png; sourceTree = "<group>"; };
		84B5EE6D1EE73F84004BDFB1 /* ShopListViewController.swift */ = {isa = PBXFileReference; fileEncoding = 4; lastKnownFileType = sourcecode.swift; path = ShopListViewController.swift; sourceTree = "<group>"; };
		84B5EE711EE749C6004BDFB1 /* ShopListView+NSFetchedResultsController.swift */ = {isa = PBXFileReference; fileEncoding = 4; lastKnownFileType = sourcecode.swift; path = "ShopListView+NSFetchedResultsController.swift"; sourceTree = "<group>"; };
		84B5EE731EE74D87004BDFB1 /* ShopListCell.swift */ = {isa = PBXFileReference; fileEncoding = 4; lastKnownFileType = sourcecode.swift; path = ShopListCell.swift; sourceTree = "<group>"; };
		84B5EE771EE756DC004BDFB1 /* ShopListView+UIViewController.swift */ = {isa = PBXFileReference; fileEncoding = 4; lastKnownFileType = sourcecode.swift; path = "ShopListView+UIViewController.swift"; sourceTree = "<group>"; };
		84DD07FE1EDF4DE0001A5E88 /* emptyBookCover.png */ = {isa = PBXFileReference; lastKnownFileType = image.png; path = emptyBookCover.png; sourceTree = "<group>"; };
		84F684401EC4F64E00F2B0D3 /* ShopsOnlinePractica.app */ = {isa = PBXFileReference; explicitFileType = wrapper.application; includeInIndex = 0; path = ShopsOnlinePractica.app; sourceTree = BUILT_PRODUCTS_DIR; };
		84F684431EC4F64E00F2B0D3 /* AppDelegate.swift */ = {isa = PBXFileReference; lastKnownFileType = sourcecode.swift; path = AppDelegate.swift; sourceTree = "<group>"; };
		84F684451EC4F64E00F2B0D3 /* ViewController.swift */ = {isa = PBXFileReference; lastKnownFileType = sourcecode.swift; path = ViewController.swift; sourceTree = "<group>"; };
		84F684481EC4F64E00F2B0D3 /* Base */ = {isa = PBXFileReference; lastKnownFileType = file.storyboard; name = Base; path = Base.lproj/Main.storyboard; sourceTree = "<group>"; };
		84F6844B1EC4F64F00F2B0D3 /* ShopsOnlinePractica.xcdatamodel */ = {isa = PBXFileReference; lastKnownFileType = wrapper.xcdatamodel; path = ShopsOnlinePractica.xcdatamodel; sourceTree = "<group>"; };
		84F6844D1EC4F64F00F2B0D3 /* Assets.xcassets */ = {isa = PBXFileReference; lastKnownFileType = folder.assetcatalog; path = Assets.xcassets; sourceTree = "<group>"; };
		84F684501EC4F64F00F2B0D3 /* Base */ = {isa = PBXFileReference; lastKnownFileType = file.storyboard; name = Base; path = Base.lproj/LaunchScreen.storyboard; sourceTree = "<group>"; };
		84F684521EC4F64F00F2B0D3 /* Info.plist */ = {isa = PBXFileReference; lastKnownFileType = text.plist.xml; path = Info.plist; sourceTree = "<group>"; };
		84F684581EC5015000F2B0D3 /* CoreDataManager.swift */ = {isa = PBXFileReference; fileEncoding = 4; lastKnownFileType = sourcecode.swift; path = CoreDataManager.swift; sourceTree = "<group>"; };
		84F6845F1EC503EA00F2B0D3 /* AsyncData.swift */ = {isa = PBXFileReference; fileEncoding = 4; lastKnownFileType = sourcecode.swift; path = AsyncData.swift; sourceTree = "<group>"; };
		84F684611EC5077F00F2B0D3 /* JSONProcessing.swift */ = {isa = PBXFileReference; fileEncoding = 4; lastKnownFileType = sourcecode.swift; path = JSONProcessing.swift; sourceTree = "<group>"; };
		84F684631EC5099400F2B0D3 /* Shop.swift */ = {isa = PBXFileReference; fileEncoding = 4; lastKnownFileType = sourcecode.swift; path = Shop.swift; sourceTree = "<group>"; };
/* End PBXFileReference section */

/* Begin PBXFrameworksBuildPhase section */
		84F6843D1EC4F64E00F2B0D3 /* Frameworks */ = {
			isa = PBXFrameworksBuildPhase;
			buildActionMask = 2147483647;
			files = (
				847121521EC57817003A2C9E /* CoreData.framework in Frameworks */,
			);
			runOnlyForDeploymentPostprocessing = 0;
		};
/* End PBXFrameworksBuildPhase section */

/* Begin PBXGroup section */
		8471214F1EC5722E003A2C9E /* Views */ = {
			isa = PBXGroup;
			children = (
				84B5EE6C1EE73F39004BDFB1 /* ShopListView */,
				84F684471EC4F64E00F2B0D3 /* Main.storyboard */,
				84B5EE731EE74D87004BDFB1 /* ShopListCell.swift */,
				847FAEC01EECF994009047FA /* DetailShopViewController.swift */,
			);
			name = Views;
			sourceTree = "<group>";
		};
		847121501EC57817003A2C9E /* Frameworks */ = {
			isa = PBXGroup;
			children = (
				847121511EC57817003A2C9E /* CoreData.framework */,
			);
			name = Frameworks;
			sourceTree = "<group>";
		};
		84B5EE6C1EE73F39004BDFB1 /* ShopListView */ = {
			isa = PBXGroup;
			children = (
				84B5EE6D1EE73F84004BDFB1 /* ShopListViewController.swift */,
				84B5EE711EE749C6004BDFB1 /* ShopListView+NSFetchedResultsController.swift */,
				84B5EE771EE756DC004BDFB1 /* ShopListView+UIViewController.swift */,
			);
			name = ShopListView;
			sourceTree = "<group>";
		};
		84DD07FD1EDF4DBC001A5E88 /* Resources */ = {
			isa = PBXGroup;
			children = (
				84A848A41EEEFC6400E0D4D6 /* madrid_shops.png */,
				84DD07FE1EDF4DE0001A5E88 /* emptyBookCover.png */,
			);
			name = Resources;
			sourceTree = "<group>";
		};
		84F684371EC4F64E00F2B0D3 = {
			isa = PBXGroup;
			children = (
				84F684421EC4F64E00F2B0D3 /* ShopsOnlinePractica */,
				84F684411EC4F64E00F2B0D3 /* Products */,
				847121501EC57817003A2C9E /* Frameworks */,
			);
			sourceTree = "<group>";
		};
		84F684411EC4F64E00F2B0D3 /* Products */ = {
			isa = PBXGroup;
			children = (
				84F684401EC4F64E00F2B0D3 /* ShopsOnlinePractica.app */,
			);
			name = Products;
			sourceTree = "<group>";
		};
		84F684421EC4F64E00F2B0D3 /* ShopsOnlinePractica */ = {
			isa = PBXGroup;
			children = (
				84F6845A1EC5030500F2B0D3 /* App */,
				84F684431EC4F64E00F2B0D3 /* AppDelegate.swift */,
				84F6844D1EC4F64F00F2B0D3 /* Assets.xcassets */,
				84F6844F1EC4F64F00F2B0D3 /* LaunchScreen.storyboard */,
				84F684521EC4F64F00F2B0D3 /* Info.plist */,
			);
			path = ShopsOnlinePractica;
			sourceTree = "<group>";
		};
		84F6845A1EC5030500F2B0D3 /* App */ = {
			isa = PBXGroup;
			children = (
				84DD07FD1EDF4DBC001A5E88 /* Resources */,
				8471214F1EC5722E003A2C9E /* Views */,
				84F6845E1EC503BD00F2B0D3 /* NetworkUtils */,
				84F6845D1EC503A800F2B0D3 /* Models */,
				84F6845C1EC5034800F2B0D3 /* Controllers */,
				84F6845B1EC5031E00F2B0D3 /* Managers */,
			);
			name = App;
			sourceTree = "<group>";
		};
		84F6845B1EC5031E00F2B0D3 /* Managers */ = {
			isa = PBXGroup;
			children = (
				84F684581EC5015000F2B0D3 /* CoreDataManager.swift */,
			);
			name = Managers;
			sourceTree = "<group>";
		};
		84F6845C1EC5034800F2B0D3 /* Controllers */ = {
			isa = PBXGroup;
			children = (
				84F684451EC4F64E00F2B0D3 /* ViewController.swift */,
			);
			name = Controllers;
			sourceTree = "<group>";
		};
		84F6845D1EC503A800F2B0D3 /* Models */ = {
			isa = PBXGroup;
			children = (
				84F6844A1EC4F64F00F2B0D3 /* ShopsOnlinePractica.xcdatamodeld */,
				8471214D1EC56E44003A2C9E /* CoreShop+Utils.swift */,
				84F684611EC5077F00F2B0D3 /* JSONProcessing.swift */,
				84F684631EC5099400F2B0D3 /* Shop.swift */,
			);
			name = Models;
			sourceTree = "<group>";
		};
		84F6845E1EC503BD00F2B0D3 /* NetworkUtils */ = {
			isa = PBXGroup;
			children = (
				84F6845F1EC503EA00F2B0D3 /* AsyncData.swift */,
			);
			name = NetworkUtils;
			sourceTree = "<group>";
		};
/* End PBXGroup section */

/* Begin PBXNativeTarget section */
		84F6843F1EC4F64E00F2B0D3 /* ShopsOnlinePractica */ = {
			isa = PBXNativeTarget;
			buildConfigurationList = 84F684551EC4F64F00F2B0D3 /* Build configuration list for PBXNativeTarget "ShopsOnlinePractica" */;
			buildPhases = (
				84F6843C1EC4F64E00F2B0D3 /* Sources */,
				84F6843D1EC4F64E00F2B0D3 /* Frameworks */,
				84F6843E1EC4F64E00F2B0D3 /* Resources */,
			);
			buildRules = (
			);
			dependencies = (
			);
			name = ShopsOnlinePractica;
			productName = ShopsOnlinePractica;
			productReference = 84F684401EC4F64E00F2B0D3 /* ShopsOnlinePractica.app */;
			productType = "com.apple.product-type.application";
		};
/* End PBXNativeTarget section */

/* Begin PBXProject section */
		84F684381EC4F64E00F2B0D3 /* Project object */ = {
			isa = PBXProject;
			attributes = {
				LastSwiftUpdateCheck = 0810;
				LastUpgradeCheck = 0810;
				ORGANIZATIONNAME = evizcloud;
				TargetAttributes = {
					84F6843F1EC4F64E00F2B0D3 = {
						CreatedOnToolsVersion = 8.1;
						ProvisioningStyle = Automatic;
					};
				};
			};
			buildConfigurationList = 84F6843B1EC4F64E00F2B0D3 /* Build configuration list for PBXProject "ShopsOnlinePractica" */;
			compatibilityVersion = "Xcode 3.2";
			developmentRegion = English;
			hasScannedForEncodings = 0;
			knownRegions = (
				en,
				Base,
			);
			mainGroup = 84F684371EC4F64E00F2B0D3;
			productRefGroup = 84F684411EC4F64E00F2B0D3 /* Products */;
			projectDirPath = "";
			projectRoot = "";
			targets = (
				84F6843F1EC4F64E00F2B0D3 /* ShopsOnlinePractica */,
			);
		};
/* End PBXProject section */

/* Begin PBXResourcesBuildPhase section */
		84F6843E1EC4F64E00F2B0D3 /* Resources */ = {
			isa = PBXResourcesBuildPhase;
			buildActionMask = 2147483647;
			files = (
				84F684511EC4F64F00F2B0D3 /* LaunchScreen.storyboard in Resources */,
				84F6844E1EC4F64F00F2B0D3 /* Assets.xcassets in Resources */,
				84DD07FF1EDF4DE0001A5E88 /* emptyBookCover.png in Resources */,
				84F684491EC4F64E00F2B0D3 /* Main.storyboard in Resources */,
				84A848A51EEEFC6400E0D4D6 /* madrid_shops.png in Resources */,
			);
			runOnlyForDeploymentPostprocessing = 0;
		};
/* End PBXResourcesBuildPhase section */

/* Begin PBXSourcesBuildPhase section */
		84F6843C1EC4F64E00F2B0D3 /* Sources */ = {
			isa = PBXSourcesBuildPhase;
			buildActionMask = 2147483647;
			files = (
				84F684621EC5077F00F2B0D3 /* JSONProcessing.swift in Sources */,
				84F684461EC4F64E00F2B0D3 /* ViewController.swift in Sources */,
				84F684441EC4F64E00F2B0D3 /* AppDelegate.swift in Sources */,
				84B5EE781EE756DC004BDFB1 /* ShopListView+UIViewController.swift in Sources */,
				84F684601EC503EA00F2B0D3 /* AsyncData.swift in Sources */,
				84F684641EC5099400F2B0D3 /* Shop.swift in Sources */,
				84F684591EC5015000F2B0D3 /* CoreDataManager.swift in Sources */,
				84F6844C1EC4F64F00F2B0D3 /* ShopsOnlinePractica.xcdatamodeld in Sources */,
				8471214E1EC56E44003A2C9E /* CoreShop+Utils.swift in Sources */,
				84B5EE741EE74D87004BDFB1 /* ShopListCell.swift in Sources */,
				84B5EE6E1EE73F84004BDFB1 /* ShopListViewController.swift in Sources */,
				847FAEC11EECF994009047FA /* DetailShopViewController.swift in Sources */,
				84B5EE721EE749C6004BDFB1 /* ShopListView+NSFetchedResultsController.swift in Sources */,
			);
			runOnlyForDeploymentPostprocessing = 0;
		};
/* End PBXSourcesBuildPhase section */

/* Begin PBXVariantGroup section */
		84F684471EC4F64E00F2B0D3 /* Main.storyboard */ = {
			isa = PBXVariantGroup;
			children = (
				84F684481EC4F64E00F2B0D3 /* Base */,
			);
			name = Main.storyboard;
			sourceTree = "<group>";
		};
		84F6844F1EC4F64F00F2B0D3 /* LaunchScreen.storyboard */ = {
			isa = PBXVariantGroup;
			children = (
				84F684501EC4F64F00F2B0D3 /* Base */,
			);
			name = LaunchScreen.storyboard;
			sourceTree = "<group>";
		};
/* End PBXVariantGroup section */

/* Begin XCBuildConfiguration section */
		84F684531EC4F64F00F2B0D3 /* Debug */ = {
			isa = XCBuildConfiguration;
			buildSettings = {
				ALWAYS_SEARCH_USER_PATHS = NO;
				CLANG_ANALYZER_NONNULL = YES;
				CLANG_CXX_LANGUAGE_STANDARD = "gnu++0x";
				CLANG_CXX_LIBRARY = "libc++";
				CLANG_ENABLE_MODULES = YES;
				CLANG_ENABLE_OBJC_ARC = YES;
				CLANG_WARN_BOOL_CONVERSION = YES;
				CLANG_WARN_CONSTANT_CONVERSION = YES;
				CLANG_WARN_DIRECT_OBJC_ISA_USAGE = YES_ERROR;
				CLANG_WARN_DOCUMENTATION_COMMENTS = YES;
				CLANG_WARN_EMPTY_BODY = YES;
				CLANG_WARN_ENUM_CONVERSION = YES;
				CLANG_WARN_INFINITE_RECURSION = YES;
				CLANG_WARN_INT_CONVERSION = YES;
				CLANG_WARN_OBJC_ROOT_CLASS = YES_ERROR;
				CLANG_WARN_SUSPICIOUS_MOVES = YES;
				CLANG_WARN_UNREACHABLE_CODE = YES;
				CLANG_WARN__DUPLICATE_METHOD_MATCH = YES;
				"CODE_SIGN_IDENTITY[sdk=iphoneos*]" = "iPhone Developer";
				COPY_PHASE_STRIP = NO;
				DEBUG_INFORMATION_FORMAT = dwarf;
				ENABLE_STRICT_OBJC_MSGSEND = YES;
				ENABLE_TESTABILITY = YES;
				GCC_C_LANGUAGE_STANDARD = gnu99;
				GCC_DYNAMIC_NO_PIC = NO;
				GCC_NO_COMMON_BLOCKS = YES;
				GCC_OPTIMIZATION_LEVEL = 0;
				GCC_PREPROCESSOR_DEFINITIONS = (
					"DEBUG=1",
					"$(inherited)",
				);
				GCC_WARN_64_TO_32_BIT_CONVERSION = YES;
				GCC_WARN_ABOUT_RETURN_TYPE = YES_ERROR;
				GCC_WARN_UNDECLARED_SELECTOR = YES;
				GCC_WARN_UNINITIALIZED_AUTOS = YES_AGGRESSIVE;
				GCC_WARN_UNUSED_FUNCTION = YES;
				GCC_WARN_UNUSED_VARIABLE = YES;
				IPHONEOS_DEPLOYMENT_TARGET = 10.1;
				MTL_ENABLE_DEBUG_INFO = YES;
				ONLY_ACTIVE_ARCH = YES;
				SDKROOT = iphoneos;
				SWIFT_ACTIVE_COMPILATION_CONDITIONS = DEBUG;
				SWIFT_OPTIMIZATION_LEVEL = "-Onone";
			};
			name = Debug;
		};
		84F684541EC4F64F00F2B0D3 /* Release */ = {
			isa = XCBuildConfiguration;
			buildSettings = {
				ALWAYS_SEARCH_USER_PATHS = NO;
				CLANG_ANALYZER_NONNULL = YES;
				CLANG_CXX_LANGUAGE_STANDARD = "gnu++0x";
				CLANG_CXX_LIBRARY = "libc++";
				CLANG_ENABLE_MODULES = YES;
				CLANG_ENABLE_OBJC_ARC = YES;
				CLANG_WARN_BOOL_CONVERSION = YES;
				CLANG_WARN_CONSTANT_CONVERSION = YES;
				CLANG_WARN_DIRECT_OBJC_ISA_USAGE = YES_ERROR;
				CLANG_WARN_DOCUMENTATION_COMMENTS = YES;
				CLANG_WARN_EMPTY_BODY = YES;
				CLANG_WARN_ENUM_CONVERSION = YES;
				CLANG_WARN_INFINITE_RECURSION = YES;
				CLANG_WARN_INT_CONVERSION = YES;
				CLANG_WARN_OBJC_ROOT_CLASS = YES_ERROR;
				CLANG_WARN_SUSPICIOUS_MOVES = YES;
				CLANG_WARN_UNREACHABLE_CODE = YES;
				CLANG_WARN__DUPLICATE_METHOD_MATCH = YES;
				"CODE_SIGN_IDENTITY[sdk=iphoneos*]" = "iPhone Developer";
				COPY_PHASE_STRIP = NO;
				DEBUG_INFORMATION_FORMAT = "dwarf-with-dsym";
				ENABLE_NS_ASSERTIONS = NO;
				ENABLE_STRICT_OBJC_MSGSEND = YES;
				GCC_C_LANGUAGE_STANDARD = gnu99;
				GCC_NO_COMMON_BLOCKS = YES;
				GCC_WARN_64_TO_32_BIT_CONVERSION = YES;
				GCC_WARN_ABOUT_RETURN_TYPE = YES_ERROR;
				GCC_WARN_UNDECLARED_SELECTOR = YES;
				GCC_WARN_UNINITIALIZED_AUTOS = YES_AGGRESSIVE;
				GCC_WARN_UNUSED_FUNCTION = YES;
				GCC_WARN_UNUSED_VARIABLE = YES;
				IPHONEOS_DEPLOYMENT_TARGET = 10.1;
				MTL_ENABLE_DEBUG_INFO = NO;
				SDKROOT = iphoneos;
				SWIFT_OPTIMIZATION_LEVEL = "-Owholemodule";
				VALIDATE_PRODUCT = YES;
			};
			name = Release;
		};
		84F684561EC4F64F00F2B0D3 /* Debug */ = {
			isa = XCBuildConfiguration;
			buildSettings = {
				ASSETCATALOG_COMPILER_APPICON_NAME = AppIcon;
				INFOPLIST_FILE = ShopsOnlinePractica/Info.plist;
				LD_RUNPATH_SEARCH_PATHS = "$(inherited) @executable_path/Frameworks";
				PRODUCT_BUNDLE_IDENTIFIER = ios.curso.keep.ShopsOnlinePractica;
				PRODUCT_NAME = "$(TARGET_NAME)";
				SWIFT_VERSION = 3.0;
			};
			name = Debug;
		};
		84F684571EC4F64F00F2B0D3 /* Release */ = {
			isa = XCBuildConfiguration;
			buildSettings = {
				ASSETCATALOG_COMPILER_APPICON_NAME = AppIcon;
				INFOPLIST_FILE = ShopsOnlinePractica/Info.plist;
				LD_RUNPATH_SEARCH_PATHS = "$(inherited) @executable_path/Frameworks";
				PRODUCT_BUNDLE_IDENTIFIER = ios.curso.keep.ShopsOnlinePractica;
				PRODUCT_NAME = "$(TARGET_NAME)";
				SWIFT_VERSION = 3.0;
			};
			name = Release;
		};
/* End XCBuildConfiguration section */

/* Begin XCConfigurationList section */
		84F6843B1EC4F64E00F2B0D3 /* Build configuration list for PBXProject "ShopsOnlinePractica" */ = {
			isa = XCConfigurationList;
			buildConfigurations = (
				84F684531EC4F64F00F2B0D3 /* Debug */,
				84F684541EC4F64F00F2B0D3 /* Release */,
			);
			defaultConfigurationIsVisible = 0;
			defaultConfigurationName = Release;
		};
		84F684551EC4F64F00F2B0D3 /* Build configuration list for PBXNativeTarget "ShopsOnlinePractica" */ = {
			isa = XCConfigurationList;
			buildConfigurations = (
				84F684561EC4F64F00F2B0D3 /* Debug */,
				84F684571EC4F64F00F2B0D3 /* Release */,
			);
			defaultConfigurationIsVisible = 0;
			defaultConfigurationName = Release;
		};
/* End XCConfigurationList section */

/* Begin XCVersionGroup section */
		84F6844A1EC4F64F00F2B0D3 /* ShopsOnlinePractica.xcdatamodeld */ = {
			isa = XCVersionGroup;
			children = (
				84F6844B1EC4F64F00F2B0D3 /* ShopsOnlinePractica.xcdatamodel */,
			);
			currentVersion = 84F6844B1EC4F64F00F2B0D3 /* ShopsOnlinePractica.xcdatamodel */;
			path = ShopsOnlinePractica.xcdatamodeld;
			sourceTree = "<group>";
			versionGroupType = wrapper.xcdatamodel;
		};
/* End XCVersionGroup section */
	};
	rootObject = 84F684381EC4F64E00F2B0D3 /* Project object */;
}
